// !$*UTF8*$!
{
	archiveVersion = 1;
	classes = {
	};
	objectVersion = 46;
	objects = {

/* Begin PBXBuildFile section */
		462A747F1B8DA2640072386C /* UIView+YCFrameAttribute.m in Sources */ = {isa = PBXBuildFile; fileRef = 462A747E1B8DA2640072386C /* UIView+YCFrameAttribute.m */; };
		46995E341B7C9B0F0055A859 /* DSRAddEventTableViewCell.m in Sources */ = {isa = PBXBuildFile; fileRef = 46995E321B7C9B0F0055A859 /* DSRAddEventTableViewCell.m */; };
		46995E351B7C9B0F0055A859 /* DSRAddEventTableViewCell.xib in Resources */ = {isa = PBXBuildFile; fileRef = 46995E331B7C9B0F0055A859 /* DSRAddEventTableViewCell.xib */; };
		46CB9AEB1B7C61E500C26833 /* DSRAddViewController.m in Sources */ = {isa = PBXBuildFile; fileRef = 46CB9AEA1B7C61E500C26833 /* DSRAddViewController.m */; };
		46CB9AEF1B7C620200C26833 /* DSRAddHeaderTableViewCell.m in Sources */ = {isa = PBXBuildFile; fileRef = 46CB9AED1B7C620200C26833 /* DSRAddHeaderTableViewCell.m */; };
		46CB9AF01B7C620200C26833 /* DSRAddHeaderTableViewCell.xib in Resources */ = {isa = PBXBuildFile; fileRef = 46CB9AEE1B7C620200C26833 /* DSRAddHeaderTableViewCell.xib */; };
		46EF70501B7C2C9700270BD2 /* DSRHomeTableViewController.m in Sources */ = {isa = PBXBuildFile; fileRef = 46EF70341B7C2C9700270BD2 /* DSRHomeTableViewController.m */; };
		46EF70521B7C2C9700270BD2 /* DSRNavigationController.m in Sources */ = {isa = PBXBuildFile; fileRef = 46EF703B1B7C2C9700270BD2 /* DSRNavigationController.m */; };
		46EF70541B7C2C9700270BD2 /* AppDelegate.m in Sources */ = {isa = PBXBuildFile; fileRef = 46EF70451B7C2C9700270BD2 /* AppDelegate.m */; };
		46EF70551B7C2C9700270BD2 /* main.m in Sources */ = {isa = PBXBuildFile; fileRef = 46EF70461B7C2C9700270BD2 /* main.m */; };
		46EF70561B7C2C9700270BD2 /* NSDate+DSExtension.m in Sources */ = {isa = PBXBuildFile; fileRef = 46EF70481B7C2C9700270BD2 /* NSDate+DSExtension.m */; };
		46EF70571B7C2C9700270BD2 /* UIBarButtonItem+CCExtension.m in Sources */ = {isa = PBXBuildFile; fileRef = 46EF704B1B7C2C9700270BD2 /* UIBarButtonItem+CCExtension.m */; };
		46EF705B1B7C318F00270BD2 /* Assets.xcassets in Resources */ = {isa = PBXBuildFile; fileRef = 46EF705A1B7C318F00270BD2 /* Assets.xcassets */; };
		46EF705D1B7C319B00270BD2 /* Assets.xcassets in Resources */ = {isa = PBXBuildFile; fileRef = 46EF705C1B7C319B00270BD2 /* Assets.xcassets */; };
		46EF70611B7C381400270BD2 /* DSRTableViewCell.m in Sources */ = {isa = PBXBuildFile; fileRef = 46EF705F1B7C381400270BD2 /* DSRTableViewCell.m */; };
		46EF70651B7C422F00270BD2 /* DSRHome.m in Sources */ = {isa = PBXBuildFile; fileRef = 46EF70641B7C422F00270BD2 /* DSRHome.m */; };
		46EF70681B7C4D8300270BD2 /* DSDownMenu.m in Sources */ = {isa = PBXBuildFile; fileRef = 46EF70671B7C4D8300270BD2 /* DSDownMenu.m */; };
		46EF706B1B7C4D9700270BD2 /* DSMenuItem.m in Sources */ = {isa = PBXBuildFile; fileRef = 46EF706A1B7C4D9700270BD2 /* DSMenuItem.m */; };
		46EFD0AA1B837BD000475147 /* DSRTableViewCell.xib in Resources */ = {isa = PBXBuildFile; fileRef = 46EFD0A91B837BD000475147 /* DSRTableViewCell.xib */; };
		46F5D3B21B7BC87A00B09761 /* Main.storyboard in Resources */ = {isa = PBXBuildFile; fileRef = 46F5D3B01B7BC87A00B09761 /* Main.storyboard */; };
		46F5D3C21B7BC87A00B09761 /* ___Tests.m in Sources */ = {isa = PBXBuildFile; fileRef = 46F5D3C11B7BC87A00B09761 /* ___Tests.m */; };
/* End PBXBuildFile section */

/* Begin PBXContainerItemProxy section */
		46F5D3BE1B7BC87A00B09761 /* PBXContainerItemProxy */ = {
			isa = PBXContainerItemProxy;
			containerPortal = 46F5D39C1B7BC87A00B09761 /* Project object */;
			proxyType = 1;
			remoteGlobalIDString = 46F5D3A31B7BC87A00B09761;
			remoteInfo = "倒数日";
		};
/* End PBXContainerItemProxy section */

/* Begin PBXFileReference section */
		462A747D1B8DA2640072386C /* UIView+YCFrameAttribute.h */ = {isa = PBXFileReference; fileEncoding = 4; lastKnownFileType = sourcecode.c.h; path = "UIView+YCFrameAttribute.h"; sourceTree = "<group>"; };
		462A747E1B8DA2640072386C /* UIView+YCFrameAttribute.m */ = {isa = PBXFileReference; fileEncoding = 4; lastKnownFileType = sourcecode.c.objc; path = "UIView+YCFrameAttribute.m"; sourceTree = "<group>"; };
		46995E311B7C9B0F0055A859 /* DSRAddEventTableViewCell.h */ = {isa = PBXFileReference; fileEncoding = 4; lastKnownFileType = sourcecode.c.h; path = DSRAddEventTableViewCell.h; sourceTree = "<group>"; };
		46995E321B7C9B0F0055A859 /* DSRAddEventTableViewCell.m */ = {isa = PBXFileReference; fileEncoding = 4; lastKnownFileType = sourcecode.c.objc; path = DSRAddEventTableViewCell.m; sourceTree = "<group>"; };
		46995E331B7C9B0F0055A859 /* DSRAddEventTableViewCell.xib */ = {isa = PBXFileReference; fileEncoding = 4; lastKnownFileType = file.xib; path = DSRAddEventTableViewCell.xib; sourceTree = "<group>"; };
		46CB9AE91B7C61E500C26833 /* DSRAddViewController.h */ = {isa = PBXFileReference; fileEncoding = 4; lastKnownFileType = sourcecode.c.h; path = DSRAddViewController.h; sourceTree = "<group>"; };
		46CB9AEA1B7C61E500C26833 /* DSRAddViewController.m */ = {isa = PBXFileReference; fileEncoding = 4; lastKnownFileType = sourcecode.c.objc; path = DSRAddViewController.m; sourceTree = "<group>"; };
		46CB9AEC1B7C620200C26833 /* DSRAddHeaderTableViewCell.h */ = {isa = PBXFileReference; fileEncoding = 4; lastKnownFileType = sourcecode.c.h; path = DSRAddHeaderTableViewCell.h; sourceTree = "<group>"; };
		46CB9AED1B7C620200C26833 /* DSRAddHeaderTableViewCell.m */ = {isa = PBXFileReference; fileEncoding = 4; lastKnownFileType = sourcecode.c.objc; path = DSRAddHeaderTableViewCell.m; sourceTree = "<group>"; };
		46CB9AEE1B7C620200C26833 /* DSRAddHeaderTableViewCell.xib */ = {isa = PBXFileReference; fileEncoding = 4; lastKnownFileType = file.xib; path = DSRAddHeaderTableViewCell.xib; sourceTree = "<group>"; };
		46EF70331B7C2C9700270BD2 /* DSRHomeTableViewController.h */ = {isa = PBXFileReference; fileEncoding = 4; lastKnownFileType = sourcecode.c.h; path = DSRHomeTableViewController.h; sourceTree = "<group>"; };
		46EF70341B7C2C9700270BD2 /* DSRHomeTableViewController.m */ = {isa = PBXFileReference; fileEncoding = 4; lastKnownFileType = sourcecode.c.objc; path = DSRHomeTableViewController.m; sourceTree = "<group>"; };
		46EF703A1B7C2C9700270BD2 /* DSRNavigationController.h */ = {isa = PBXFileReference; fileEncoding = 4; lastKnownFileType = sourcecode.c.h; path = DSRNavigationController.h; sourceTree = "<group>"; };
		46EF703B1B7C2C9700270BD2 /* DSRNavigationController.m */ = {isa = PBXFileReference; fileEncoding = 4; lastKnownFileType = sourcecode.c.objc; path = DSRNavigationController.m; sourceTree = "<group>"; };
		46EF70441B7C2C9700270BD2 /* AppDelegate.h */ = {isa = PBXFileReference; fileEncoding = 4; lastKnownFileType = sourcecode.c.h; path = AppDelegate.h; sourceTree = "<group>"; };
		46EF70451B7C2C9700270BD2 /* AppDelegate.m */ = {isa = PBXFileReference; fileEncoding = 4; lastKnownFileType = sourcecode.c.objc; path = AppDelegate.m; sourceTree = "<group>"; };
		46EF70461B7C2C9700270BD2 /* main.m */ = {isa = PBXFileReference; fileEncoding = 4; lastKnownFileType = sourcecode.c.objc; path = main.m; sourceTree = "<group>"; };
		46EF70471B7C2C9700270BD2 /* NSDate+DSExtension.h */ = {isa = PBXFileReference; fileEncoding = 4; lastKnownFileType = sourcecode.c.h; path = "NSDate+DSExtension.h"; sourceTree = "<group>"; };
		46EF70481B7C2C9700270BD2 /* NSDate+DSExtension.m */ = {isa = PBXFileReference; fileEncoding = 4; lastKnownFileType = sourcecode.c.objc; path = "NSDate+DSExtension.m"; sourceTree = "<group>"; };
		46EF70491B7C2C9700270BD2 /* PrefixHeader.pch */ = {isa = PBXFileReference; fileEncoding = 4; lastKnownFileType = sourcecode.c.h; path = PrefixHeader.pch; sourceTree = "<group>"; };
		46EF704A1B7C2C9700270BD2 /* UIBarButtonItem+CCExtension.h */ = {isa = PBXFileReference; fileEncoding = 4; lastKnownFileType = sourcecode.c.h; path = "UIBarButtonItem+CCExtension.h"; sourceTree = "<group>"; };
		46EF704B1B7C2C9700270BD2 /* UIBarButtonItem+CCExtension.m */ = {isa = PBXFileReference; fileEncoding = 4; lastKnownFileType = sourcecode.c.objc; path = "UIBarButtonItem+CCExtension.m"; sourceTree = "<group>"; };
		46EF705A1B7C318F00270BD2 /* Assets.xcassets */ = {isa = PBXFileReference; lastKnownFileType = folder.assetcatalog; path = Assets.xcassets; sourceTree = "<group>"; };
		46EF705C1B7C319B00270BD2 /* Assets.xcassets */ = {isa = PBXFileReference; lastKnownFileType = folder.assetcatalog; path = Assets.xcassets; sourceTree = "<group>"; };
		46EF705E1B7C381400270BD2 /* DSRTableViewCell.h */ = {isa = PBXFileReference; fileEncoding = 4; lastKnownFileType = sourcecode.c.h; name = DSRTableViewCell.h; path = ../DSRTableViewCell.h; sourceTree = "<group>"; };
		46EF705F1B7C381400270BD2 /* DSRTableViewCell.m */ = {isa = PBXFileReference; fileEncoding = 4; lastKnownFileType = sourcecode.c.objc; name = DSRTableViewCell.m; path = ../DSRTableViewCell.m; sourceTree = "<group>"; };
		46EF70631B7C422F00270BD2 /* DSRHome.h */ = {isa = PBXFileReference; fileEncoding = 4; lastKnownFileType = sourcecode.c.h; path = DSRHome.h; sourceTree = "<group>"; };
		46EF70641B7C422F00270BD2 /* DSRHome.m */ = {isa = PBXFileReference; fileEncoding = 4; lastKnownFileType = sourcecode.c.objc; path = DSRHome.m; sourceTree = "<group>"; };
		46EF70661B7C4D8300270BD2 /* DSDownMenu.h */ = {isa = PBXFileReference; fileEncoding = 4; lastKnownFileType = sourcecode.c.h; path = DSDownMenu.h; sourceTree = "<group>"; };
		46EF70671B7C4D8300270BD2 /* DSDownMenu.m */ = {isa = PBXFileReference; fileEncoding = 4; lastKnownFileType = sourcecode.c.objc; path = DSDownMenu.m; sourceTree = "<group>"; };
		46EF70691B7C4D9700270BD2 /* DSMenuItem.h */ = {isa = PBXFileReference; fileEncoding = 4; lastKnownFileType = sourcecode.c.h; path = DSMenuItem.h; sourceTree = "<group>"; };
		46EF706A1B7C4D9700270BD2 /* DSMenuItem.m */ = {isa = PBXFileReference; fileEncoding = 4; lastKnownFileType = sourcecode.c.objc; path = DSMenuItem.m; sourceTree = "<group>"; };
		46EFD0A91B837BD000475147 /* DSRTableViewCell.xib */ = {isa = PBXFileReference; fileEncoding = 4; lastKnownFileType = file.xib; path = DSRTableViewCell.xib; sourceTree = "<group>"; };
		46F5D3A41B7BC87A00B09761 /* 倒数日.app */ = {isa = PBXFileReference; explicitFileType = wrapper.application; includeInIndex = 0; path = "倒数日.app"; sourceTree = BUILT_PRODUCTS_DIR; };
		46F5D3B11B7BC87A00B09761 /* Base */ = {isa = PBXFileReference; lastKnownFileType = file.storyboard; name = Base; path = Base.lproj/Main.storyboard; sourceTree = "<group>"; };
		46F5D3B81B7BC87A00B09761 /* Info.plist */ = {isa = PBXFileReference; lastKnownFileType = text.plist.xml; path = Info.plist; sourceTree = "<group>"; };
		46F5D3BD1B7BC87A00B09761 /* 倒数日Tests.xctest */ = {isa = PBXFileReference; explicitFileType = wrapper.cfbundle; includeInIndex = 0; path = "倒数日Tests.xctest"; sourceTree = BUILT_PRODUCTS_DIR; };
		46F5D3C11B7BC87A00B09761 /* ___Tests.m */ = {isa = PBXFileReference; lastKnownFileType = sourcecode.c.objc; path = "___Tests.m"; sourceTree = "<group>"; };
		46F5D3C31B7BC87A00B09761 /* Info.plist */ = {isa = PBXFileReference; lastKnownFileType = text.plist.xml; path = Info.plist; sourceTree = "<group>"; };
		46F5D3CC1B7BC87A00B09761 /* ___UITests.m */ = {isa = PBXFileReference; lastKnownFileType = sourcecode.c.objc; path = "___UITests.m"; sourceTree = "<group>"; };
		46F5D3CE1B7BC87A00B09761 /* Info.plist */ = {isa = PBXFileReference; lastKnownFileType = text.plist.xml; path = Info.plist; sourceTree = "<group>"; };
/* End PBXFileReference section */

/* Begin PBXFrameworksBuildPhase section */
		46F5D3A11B7BC87A00B09761 /* Frameworks */ = {
			isa = PBXFrameworksBuildPhase;
			buildActionMask = 2147483647;
			files = (
			);
			runOnlyForDeploymentPostprocessing = 0;
		};
		46F5D3BA1B7BC87A00B09761 /* Frameworks */ = {
			isa = PBXFrameworksBuildPhase;
			buildActionMask = 2147483647;
			files = (
			);
			runOnlyForDeploymentPostprocessing = 0;
		};
/* End PBXFrameworksBuildPhase section */

/* Begin PBXGroup section */
		46EF702C1B7C2C9700270BD2 /* Class */ = {
			isa = PBXGroup;
			children = (
				46EF70311B7C2C9700270BD2 /* Home */,
				46EF702D1B7C2C9700270BD2 /* Add */,
				46EF70381B7C2C9700270BD2 /* Main */,
				46EF70401B7C2C9700270BD2 /* Other */,
			);
			path = Class;
			sourceTree = "<group>";
		};
		46EF702D1B7C2C9700270BD2 /* Add */ = {
			isa = PBXGroup;
			children = (
				46EF702E1B7C2C9700270BD2 /* Controller */,
				46EF702F1B7C2C9700270BD2 /* Model */,
				46EF70301B7C2C9700270BD2 /* View */,
			);
			path = Add;
			sourceTree = "<group>";
		};
		46EF702E1B7C2C9700270BD2 /* Controller */ = {
			isa = PBXGroup;
			children = (
				46CB9AE91B7C61E500C26833 /* DSRAddViewController.h */,
				46CB9AEA1B7C61E500C26833 /* DSRAddViewController.m */,
			);
			path = Controller;
			sourceTree = "<group>";
		};
		46EF702F1B7C2C9700270BD2 /* Model */ = {
			isa = PBXGroup;
			children = (
			);
			path = Model;
			sourceTree = "<group>";
		};
		46EF70301B7C2C9700270BD2 /* View */ = {
			isa = PBXGroup;
			children = (
				46CB9AEC1B7C620200C26833 /* DSRAddHeaderTableViewCell.h */,
				46CB9AED1B7C620200C26833 /* DSRAddHeaderTableViewCell.m */,
				46CB9AEE1B7C620200C26833 /* DSRAddHeaderTableViewCell.xib */,
				46995E311B7C9B0F0055A859 /* DSRAddEventTableViewCell.h */,
				46995E321B7C9B0F0055A859 /* DSRAddEventTableViewCell.m */,
				46995E331B7C9B0F0055A859 /* DSRAddEventTableViewCell.xib */,
			);
			path = View;
			sourceTree = "<group>";
		};
		46EF70311B7C2C9700270BD2 /* Home */ = {
			isa = PBXGroup;
			children = (
				46EF70321B7C2C9700270BD2 /* Controller */,
				46EF70331B7C2C9700270BD2 /* DSRHomeTableViewController.h */,
				46EF70341B7C2C9700270BD2 /* DSRHomeTableViewController.m */,
				46EF70361B7C2C9700270BD2 /* Model */,
				46EF70371B7C2C9700270BD2 /* View */,
			);
			path = Home;
			sourceTree = "<group>";
		};
		46EF70321B7C2C9700270BD2 /* Controller */ = {
			isa = PBXGroup;
			children = (
			);
			path = Controller;
			sourceTree = "<group>";
		};
		46EF70361B7C2C9700270BD2 /* Model */ = {
			isa = PBXGroup;
			children = (
				46EF70631B7C422F00270BD2 /* DSRHome.h */,
				46EF70641B7C422F00270BD2 /* DSRHome.m */,
			);
			path = Model;
			sourceTree = "<group>";
		};
		46EF70371B7C2C9700270BD2 /* View */ = {
			isa = PBXGroup;
			children = (
				46EF705E1B7C381400270BD2 /* DSRTableViewCell.h */,
				46EF705F1B7C381400270BD2 /* DSRTableViewCell.m */,
				46EFD0A91B837BD000475147 /* DSRTableViewCell.xib */,
				46EF70661B7C4D8300270BD2 /* DSDownMenu.h */,
				46EF70671B7C4D8300270BD2 /* DSDownMenu.m */,
				46EF70691B7C4D9700270BD2 /* DSMenuItem.h */,
				46EF706A1B7C4D9700270BD2 /* DSMenuItem.m */,
			);
			path = View;
			sourceTree = "<group>";
		};
		46EF70381B7C2C9700270BD2 /* Main */ = {
			isa = PBXGroup;
			children = (
				46EF70391B7C2C9700270BD2 /* Controller */,
				46EF703E1B7C2C9700270BD2 /* Model */,
				46EF703F1B7C2C9700270BD2 /* View */,
			);
			path = Main;
			sourceTree = "<group>";
		};
		46EF70391B7C2C9700270BD2 /* Controller */ = {
			isa = PBXGroup;
			children = (
				46EF703A1B7C2C9700270BD2 /* DSRNavigationController.h */,
				46EF703B1B7C2C9700270BD2 /* DSRNavigationController.m */,
			);
			path = Controller;
			sourceTree = "<group>";
		};
		46EF703E1B7C2C9700270BD2 /* Model */ = {
			isa = PBXGroup;
			children = (
			);
			path = Model;
			sourceTree = "<group>";
		};
		46EF703F1B7C2C9700270BD2 /* View */ = {
			isa = PBXGroup;
			children = (
				46EF705A1B7C318F00270BD2 /* Assets.xcassets */,
			);
			path = View;
			sourceTree = "<group>";
		};
		46EF70401B7C2C9700270BD2 /* Other */ = {
			isa = PBXGroup;
			children = (
				46EF70411B7C2C9700270BD2 /* Controller */,
				46EF70421B7C2C9700270BD2 /* Model */,
				46EF70431B7C2C9700270BD2 /* View */,
			);
			path = Other;
			sourceTree = "<group>";
		};
		46EF70411B7C2C9700270BD2 /* Controller */ = {
			isa = PBXGroup;
			children = (
			);
			path = Controller;
			sourceTree = "<group>";
		};
		46EF70421B7C2C9700270BD2 /* Model */ = {
			isa = PBXGroup;
			children = (
			);
			path = Model;
			sourceTree = "<group>";
		};
		46EF70431B7C2C9700270BD2 /* View */ = {
			isa = PBXGroup;
			children = (
				46EF70441B7C2C9700270BD2 /* AppDelegate.h */,
				46EF70451B7C2C9700270BD2 /* AppDelegate.m */,
				46EF70461B7C2C9700270BD2 /* main.m */,
				46EF70471B7C2C9700270BD2 /* NSDate+DSExtension.h */,
				46EF70481B7C2C9700270BD2 /* NSDate+DSExtension.m */,
				46EF70491B7C2C9700270BD2 /* PrefixHeader.pch */,
				46EF704A1B7C2C9700270BD2 /* UIBarButtonItem+CCExtension.h */,
				46EF704B1B7C2C9700270BD2 /* UIBarButtonItem+CCExtension.m */,
				462A747D1B8DA2640072386C /* UIView+YCFrameAttribute.h */,
				462A747E1B8DA2640072386C /* UIView+YCFrameAttribute.m */,
			);
			path = View;
			sourceTree = "<group>";
		};
		46F5D39B1B7BC87A00B09761 = {
			isa = PBXGroup;
			children = (
				46F5D3A61B7BC87A00B09761 /* 倒数日 */,
				46F5D3C01B7BC87A00B09761 /* 倒数日Tests */,
				46F5D3CB1B7BC87A00B09761 /* 倒数日UITests */,
				46F5D3A51B7BC87A00B09761 /* Products */,
			);
			sourceTree = "<group>";
		};
		46F5D3A51B7BC87A00B09761 /* Products */ = {
			isa = PBXGroup;
			children = (
				46F5D3A41B7BC87A00B09761 /* 倒数日.app */,
				46F5D3BD1B7BC87A00B09761 /* 倒数日Tests.xctest */,
			);
			name = Products;
			sourceTree = "<group>";
		};
		46F5D3A61B7BC87A00B09761 /* 倒数日 */ = {
			isa = PBXGroup;
			children = (
				46EF702C1B7C2C9700270BD2 /* Class */,
				46F5D3B01B7BC87A00B09761 /* Main.storyboard */,
				46EF705C1B7C319B00270BD2 /* Assets.xcassets */,
				46F5D3B81B7BC87A00B09761 /* Info.plist */,
				46F5D3A71B7BC87A00B09761 /* Supporting Files */,
			);
			path = "倒数日";
			sourceTree = "<group>";
		};
		46F5D3A71B7BC87A00B09761 /* Supporting Files */ = {
			isa = PBXGroup;
			children = (
			);
			name = "Supporting Files";
			sourceTree = "<group>";
		};
		46F5D3C01B7BC87A00B09761 /* 倒数日Tests */ = {
			isa = PBXGroup;
			children = (
				46F5D3C11B7BC87A00B09761 /* ___Tests.m */,
				46F5D3C31B7BC87A00B09761 /* Info.plist */,
			);
			path = "倒数日Tests";
			sourceTree = "<group>";
		};
		46F5D3CB1B7BC87A00B09761 /* 倒数日UITests */ = {
			isa = PBXGroup;
			children = (
				46F5D3CC1B7BC87A00B09761 /* ___UITests.m */,
				46F5D3CE1B7BC87A00B09761 /* Info.plist */,
			);
			path = "倒数日UITests";
			sourceTree = "<group>";
		};
/* End PBXGroup section */

/* Begin PBXNativeTarget section */
		46F5D3A31B7BC87A00B09761 /* 倒数日 */ = {
			isa = PBXNativeTarget;
			buildConfigurationList = 46F5D3D11B7BC87A00B09761 /* Build configuration list for PBXNativeTarget "倒数日" */;
			buildPhases = (
				46F5D3A01B7BC87A00B09761 /* Sources */,
				46F5D3A11B7BC87A00B09761 /* Frameworks */,
				46F5D3A21B7BC87A00B09761 /* Resources */,
			);
			buildRules = (
			);
			dependencies = (
			);
			name = "倒数日";
			productName = "倒数日";
			productReference = 46F5D3A41B7BC87A00B09761 /* 倒数日.app */;
			productType = "com.apple.product-type.application";
		};
		46F5D3BC1B7BC87A00B09761 /* 倒数日Tests */ = {
			isa = PBXNativeTarget;
			buildConfigurationList = 46F5D3D41B7BC87A00B09761 /* Build configuration list for PBXNativeTarget "倒数日Tests" */;
			buildPhases = (
				46F5D3B91B7BC87A00B09761 /* Sources */,
				46F5D3BA1B7BC87A00B09761 /* Frameworks */,
				46F5D3BB1B7BC87A00B09761 /* Resources */,
			);
			buildRules = (
			);
			dependencies = (
				46F5D3BF1B7BC87A00B09761 /* PBXTargetDependency */,
			);
			name = "倒数日Tests";
			productName = "倒数日Tests";
			productReference = 46F5D3BD1B7BC87A00B09761 /* 倒数日Tests.xctest */;
			productType = "com.apple.product-type.bundle.unit-test";
		};
/* End PBXNativeTarget section */

/* Begin PBXProject section */
		46F5D39C1B7BC87A00B09761 /* Project object */ = {
			isa = PBXProject;
			attributes = {
				CLASSPREFIX = DSR;
				LastUpgradeCheck = 0700;
				ORGANIZATIONNAME = Cara;
				TargetAttributes = {
					46F5D3A31B7BC87A00B09761 = {
						CreatedOnToolsVersion = 7.0;
						DevelopmentTeam = 58GVGBS6P6;
					};
					46F5D3BC1B7BC87A00B09761 = {
						CreatedOnToolsVersion = 7.0;
						DevelopmentTeam = 58GVGBS6P6;
						TestTargetID = 46F5D3A31B7BC87A00B09761;
					};
				};
			};
			buildConfigurationList = 46F5D39F1B7BC87A00B09761 /* Build configuration list for PBXProject "倒数日" */;
			compatibilityVersion = "Xcode 3.2";
			developmentRegion = English;
			hasScannedForEncodings = 0;
			knownRegions = (
				en,
				Base,
			);
			mainGroup = 46F5D39B1B7BC87A00B09761;
			productRefGroup = 46F5D3A51B7BC87A00B09761 /* Products */;
			projectDirPath = "";
			projectRoot = "";
			targets = (
				46F5D3A31B7BC87A00B09761 /* 倒数日 */,
				46F5D3BC1B7BC87A00B09761 /* 倒数日Tests */,
			);
		};
/* End PBXProject section */

/* Begin PBXResourcesBuildPhase section */
		46F5D3A21B7BC87A00B09761 /* Resources */ = {
			isa = PBXResourcesBuildPhase;
			buildActionMask = 2147483647;
			files = (
				46EF705B1B7C318F00270BD2 /* Assets.xcassets in Resources */,
				46EFD0AA1B837BD000475147 /* DSRTableViewCell.xib in Resources */,
				46F5D3B21B7BC87A00B09761 /* Main.storyboard in Resources */,
				46995E351B7C9B0F0055A859 /* DSRAddEventTableViewCell.xib in Resources */,
				46CB9AF01B7C620200C26833 /* DSRAddHeaderTableViewCell.xib in Resources */,
				46EF705D1B7C319B00270BD2 /* Assets.xcassets in Resources */,
			);
			runOnlyForDeploymentPostprocessing = 0;
		};
		46F5D3BB1B7BC87A00B09761 /* Resources */ = {
			isa = PBXResourcesBuildPhase;
			buildActionMask = 2147483647;
			files = (
			);
			runOnlyForDeploymentPostprocessing = 0;
		};
/* End PBXResourcesBuildPhase section */

/* Begin PBXSourcesBuildPhase section */
		46F5D3A01B7BC87A00B09761 /* Sources */ = {
			isa = PBXSourcesBuildPhase;
			buildActionMask = 2147483647;
			files = (
				46EF706B1B7C4D9700270BD2 /* DSMenuItem.m in Sources */,
				46EF70571B7C2C9700270BD2 /* UIBarButtonItem+CCExtension.m in Sources */,
				46CB9AEF1B7C620200C26833 /* DSRAddHeaderTableViewCell.m in Sources */,
				46EF70651B7C422F00270BD2 /* DSRHome.m in Sources */,
				46CB9AEB1B7C61E500C26833 /* DSRAddViewController.m in Sources */,
				46995E341B7C9B0F0055A859 /* DSRAddEventTableViewCell.m in Sources */,
				46EF70521B7C2C9700270BD2 /* DSRNavigationController.m in Sources */,
				46EF70541B7C2C9700270BD2 /* AppDelegate.m in Sources */,
				46EF70561B7C2C9700270BD2 /* NSDate+DSExtension.m in Sources */,
				46EF70681B7C4D8300270BD2 /* DSDownMenu.m in Sources */,
				46EF70551B7C2C9700270BD2 /* main.m in Sources */,
				46EF70501B7C2C9700270BD2 /* DSRHomeTableViewController.m in Sources */,
				462A747F1B8DA2640072386C /* UIView+YCFrameAttribute.m in Sources */,
				46EF70611B7C381400270BD2 /* DSRTableViewCell.m in Sources */,
			);
			runOnlyForDeploymentPostprocessing = 0;
		};
		46F5D3B91B7BC87A00B09761 /* Sources */ = {
			isa = PBXSourcesBuildPhase;
			buildActionMask = 2147483647;
			files = (
				46F5D3C21B7BC87A00B09761 /* ___Tests.m in Sources */,
			);
			runOnlyForDeploymentPostprocessing = 0;
		};
/* End PBXSourcesBuildPhase section */

/* Begin PBXTargetDependency section */
		46F5D3BF1B7BC87A00B09761 /* PBXTargetDependency */ = {
			isa = PBXTargetDependency;
			target = 46F5D3A31B7BC87A00B09761 /* 倒数日 */;
			targetProxy = 46F5D3BE1B7BC87A00B09761 /* PBXContainerItemProxy */;
		};
/* End PBXTargetDependency section */

/* Begin PBXVariantGroup section */
		46F5D3B01B7BC87A00B09761 /* Main.storyboard */ = {
			isa = PBXVariantGroup;
			children = (
				46F5D3B11B7BC87A00B09761 /* Base */,
			);
			name = Main.storyboard;
			sourceTree = "<group>";
		};
/* End PBXVariantGroup section */

/* Begin XCBuildConfiguration section */
		46F5D3CF1B7BC87A00B09761 /* Debug */ = {
			isa = XCBuildConfiguration;
			buildSettings = {
				ALWAYS_SEARCH_USER_PATHS = NO;
				CLANG_CXX_LANGUAGE_STANDARD = "gnu++0x";
				CLANG_CXX_LIBRARY = "libc++";
				CLANG_ENABLE_MODULES = YES;
				CLANG_ENABLE_OBJC_ARC = YES;
				CLANG_WARN_BOOL_CONVERSION = YES;
				CLANG_WARN_CONSTANT_CONVERSION = YES;
				CLANG_WARN_DIRECT_OBJC_ISA_USAGE = YES_ERROR;
				CLANG_WARN_EMPTY_BODY = YES;
				CLANG_WARN_ENUM_CONVERSION = YES;
				CLANG_WARN_INT_CONVERSION = YES;
				CLANG_WARN_OBJC_ROOT_CLASS = YES_ERROR;
				CLANG_WARN_UNREACHABLE_CODE = YES;
				CLANG_WARN__DUPLICATE_METHOD_MATCH = YES;
				"CODE_SIGN_IDENTITY[sdk=iphoneos*]" = "iPhone Developer";
				COPY_PHASE_STRIP = NO;
				DEBUG_INFORMATION_FORMAT = dwarf;
				ENABLE_STRICT_OBJC_MSGSEND = YES;
				ENABLE_TESTABILITY = YES;
				GCC_C_LANGUAGE_STANDARD = gnu99;
				GCC_DYNAMIC_NO_PIC = NO;
				GCC_NO_COMMON_BLOCKS = YES;
				GCC_OPTIMIZATION_LEVEL = 0;
				GCC_PREPROCESSOR_DEFINITIONS = (
					"DEBUG=1",
					"$(inherited)",
				);
				GCC_WARN_64_TO_32_BIT_CONVERSION = YES;
				GCC_WARN_ABOUT_RETURN_TYPE = YES_ERROR;
				GCC_WARN_UNDECLARED_SELECTOR = YES;
				GCC_WARN_UNINITIALIZED_AUTOS = YES_AGGRESSIVE;
				GCC_WARN_UNUSED_FUNCTION = YES;
				GCC_WARN_UNUSED_VARIABLE = YES;
				IPHONEOS_DEPLOYMENT_TARGET = 9.0;
				MTL_ENABLE_DEBUG_INFO = YES;
				ONLY_ACTIVE_ARCH = YES;
				SDKROOT = iphoneos;
				TARGETED_DEVICE_FAMILY = "1,2";
			};
			name = Debug;
		};
		46F5D3D01B7BC87A00B09761 /* Release */ = {
			isa = XCBuildConfiguration;
			buildSettings = {
				ALWAYS_SEARCH_USER_PATHS = NO;
				CLANG_CXX_LANGUAGE_STANDARD = "gnu++0x";
				CLANG_CXX_LIBRARY = "libc++";
				CLANG_ENABLE_MODULES = YES;
				CLANG_ENABLE_OBJC_ARC = YES;
				CLANG_WARN_BOOL_CONVERSION = YES;
				CLANG_WARN_CONSTANT_CONVERSION = YES;
				CLANG_WARN_DIRECT_OBJC_ISA_USAGE = YES_ERROR;
				CLANG_WARN_EMPTY_BODY = YES;
				CLANG_WARN_ENUM_CONVERSION = YES;
				CLANG_WARN_INT_CONVERSION = YES;
				CLANG_WARN_OBJC_ROOT_CLASS = YES_ERROR;
				CLANG_WARN_UNREACHABLE_CODE = YES;
				CLANG_WARN__DUPLICATE_METHOD_MATCH = YES;
				"CODE_SIGN_IDENTITY[sdk=iphoneos*]" = "iPhone Developer";
				COPY_PHASE_STRIP = NO;
				DEBUG_INFORMATION_FORMAT = "dwarf-with-dsym";
				ENABLE_NS_ASSERTIONS = NO;
				ENABLE_STRICT_OBJC_MSGSEND = YES;
				GCC_C_LANGUAGE_STANDARD = gnu99;
				GCC_NO_COMMON_BLOCKS = YES;
				GCC_WARN_64_TO_32_BIT_CONVERSION = YES;
				GCC_WARN_ABOUT_RETURN_TYPE = YES_ERROR;
				GCC_WARN_UNDECLARED_SELECTOR = YES;
				GCC_WARN_UNINITIALIZED_AUTOS = YES_AGGRESSIVE;
				GCC_WARN_UNUSED_FUNCTION = YES;
				GCC_WARN_UNUSED_VARIABLE = YES;
				IPHONEOS_DEPLOYMENT_TARGET = 9.0;
				MTL_ENABLE_DEBUG_INFO = NO;
				SDKROOT = iphoneos;
				TARGETED_DEVICE_FAMILY = "1,2";
				VALIDATE_PRODUCT = YES;
			};
			name = Release;
		};
		46F5D3D21B7BC87A00B09761 /* Debug */ = {
			isa = XCBuildConfiguration;
			buildSettings = {
				ASSETCATALOG_COMPILER_APPICON_NAME = AppIcon;
				ASSETCATALOG_COMPILER_LAUNCHIMAGE_NAME = BrandAsset;
				GCC_PREFIX_HEADER = "倒数日/Class/Other/View/PrefixHeader.pch";
				INFOPLIST_FILE = "倒数日/Info.plist";
				IPHONEOS_DEPLOYMENT_TARGET = 8.4;
				LD_RUNPATH_SEARCH_PATHS = "$(inherited) @executable_path/Frameworks";
				PRODUCT_BUNDLE_IDENTIFIER = "cara.---";
				PRODUCT_NAME = "$(TARGET_NAME)";
			};
			name = Debug;
		};
		46F5D3D31B7BC87A00B09761 /* Release */ = {
			isa = XCBuildConfiguration;
			buildSettings = {
				ASSETCATALOG_COMPILER_APPICON_NAME = AppIcon;
				ASSETCATALOG_COMPILER_LAUNCHIMAGE_NAME = BrandAsset;
				GCC_PREFIX_HEADER = "倒数日/Class/Other/View/PrefixHeader.pch";
				INFOPLIST_FILE = "倒数日/Info.plist";
				IPHONEOS_DEPLOYMENT_TARGET = 8.4;
				LD_RUNPATH_SEARCH_PATHS = "$(inherited) @executable_path/Frameworks";
				PRODUCT_BUNDLE_IDENTIFIER = "cara.---";
				PRODUCT_NAME = "$(TARGET_NAME)";
			};
			name = Release;
		};
		46F5D3D51B7BC87A00B09761 /* Debug */ = {
			isa = XCBuildConfiguration;
			buildSettings = {
				BUNDLE_LOADER = "$(TEST_HOST)";
				INFOPLIST_FILE = "倒数日Tests/Info.plist";
				LD_RUNPATH_SEARCH_PATHS = "$(inherited) @executable_path/Frameworks @loader_path/Frameworks";
				PRODUCT_BUNDLE_IDENTIFIER = "cara.---Tests";
				PRODUCT_NAME = "$(TARGET_NAME)";
				TEST_HOST = "$(BUILT_PRODUCTS_DIR)/倒数日.app/倒数日";
			};
			name = Debug;
		};
		46F5D3D61B7BC87A00B09761 /* Release */ = {
			isa = XCBuildConfiguration;
			buildSettings = {
				BUNDLE_LOADER = "$(TEST_HOST)";
				INFOPLIST_FILE = "倒数日Tests/Info.plist";
				LD_RUNPATH_SEARCH_PATHS = "$(inherited) @executable_path/Frameworks @loader_path/Frameworks";
				PRODUCT_BUNDLE_IDENTIFIER = "cara.---Tests";
				PRODUCT_NAME = "$(TARGET_NAME)";
				TEST_HOST = "$(BUILT_PRODUCTS_DIR)/倒数日.app/倒数日";
			};
			name = Release;
		};
/* End XCBuildConfiguration section */

/* Begin XCConfigurationList section */
		46F5D39F1B7BC87A00B09761 /* Build configuration list for PBXProject "倒数日" */ = {
			isa = XCConfigurationList;
			buildConfigurations = (
				46F5D3CF1B7BC87A00B09761 /* Debug */,
				46F5D3D01B7BC87A00B09761 /* Release */,
			);
			defaultConfigurationIsVisible = 0;
			defaultConfigurationName = Release;
		};
		46F5D3D11B7BC87A00B09761 /* Build configuration list for PBXNativeTarget "倒数日" */ = {
			isa = XCConfigurationList;
			buildConfigurations = (
				46F5D3D21B7BC87A00B09761 /* Debug */,
				46F5D3D31B7BC87A00B09761 /* Release */,
			);
			defaultConfigurationIsVisible = 0;
			defaultConfigurationName = Release;
		};
		46F5D3D41B7BC87A00B09761 /* Build configuration list for PBXNativeTarget "倒数日Tests" */ = {
			isa = XCConfigurationList;
			buildConfigurations = (
				46F5D3D51B7BC87A00B09761 /* Debug */,
				46F5D3D61B7BC87A00B09761 /* Release */,
			);
			defaultConfigurationIsVisible = 0;
			defaultConfigurationName = Release;
		};
/* End XCConfigurationList section */
	};
	rootObject = 46F5D39C1B7BC87A00B09761 /* Project object */;
}
